
Microsoft Visual Studio Solution File, Format Version 12.00
# Visual Studio Version 17
VisualStudioVersion = 17.5.33516.290
MinimumVisualStudioVersion = 10.0.40219.1
Project("{FAE04EC0-301F-11D3-BF4B-00C04F79EFBC}") = "Teste", "Teste\Teste.csproj", "{68ADA694-1E19-4770-B3EE-F44085880666}"
EndProject
Global
	GlobalSection(SolutionConfigurationPlatforms) = preSolution
		Debug|Any CPU = Debug|Any CPU
		Release|Any CPU = Release|Any CPU
	EndGlobalSection
	GlobalSection(ProjectConfigurationPlatforms) = postSolution
		{68ADA694-1E19-4770-B3EE-F44085880666}.Debug|Any CPU.ActiveCfg = Debug|Any CPU
		{68ADA694-1E19-4770-B3EE-F44085880666}.Debug|Any CPU.Build.0 = Debug|Any CPU
		{68ADA694-1E19-4770-B3EE-F44085880666}.Release|Any CPU.ActiveCfg = Release|Any CPU
		{68ADA694-1E19-4770-B3EE-F44085880666}.Release|Any CPU.Build.0 = Release|Any CPU
	EndGlobalSection
	GlobalSection(SolutionProperties) = preSolution
		HideSolutionNode = FALSE
	EndGlobalSection
	GlobalSection(ExtensibilityGlobals) = postSolution
		SolutionGuid = {568D1641-29AC-44E3-87EB-D06F18D2613D}
	EndGlobalSection
EndGlobal
